
Microsoft Visual Studio Solution File, Format Version 12.00
# Visual Studio Version 17
VisualStudioVersion = 17.2.32630.192
MinimumVisualStudioVersion = 10.0.40219.1
Project("{FAE04EC0-301F-11D3-BF4B-00C04F79EFBC}") = "appstore.notification.api", "appstore.notification.api\appstore.notification.api.csproj", "{493834C2-0FD7-4323-8DBF-B1912F680DF6}"
EndProject
Global
	GlobalSection(SolutionConfigurationPlatforms) = preSolution
		Debug|Any CPU = Debug|Any CPU
		Release|Any CPU = Release|Any CPU
	EndGlobalSection
	GlobalSection(ProjectConfigurationPlatforms) = postSolution
		{493834C2-0FD7-4323-8DBF-B1912F680DF6}.Debug|Any CPU.ActiveCfg = Debug|Any CPU
		{493834C2-0FD7-4323-8DBF-B1912F680DF6}.Debug|Any CPU.Build.0 = Debug|Any CPU
		{493834C2-0FD7-4323-8DBF-B1912F680DF6}.Release|Any CPU.ActiveCfg = Release|Any CPU
		{493834C2-0FD7-4323-8DBF-B1912F680DF6}.Release|Any CPU.Build.0 = Release|Any CPU
	EndGlobalSection
	GlobalSection(SolutionProperties) = preSolution
		HideSolutionNode = FALSE
	EndGlobalSection
	GlobalSection(ExtensibilityGlobals) = postSolution
		SolutionGuid = {CC1E5250-7C52-4FC7-A83C-50A2E5FE8844}
	EndGlobalSection
EndGlobal
